
Microsoft Visual Studio Solution File, Format Version 12.00
# Visual Studio Version 17
VisualStudioVersion = 17.2.32616.157
MinimumVisualStudioVersion = 10.0.40219.1
Project("{2150E333-8FDC-42A3-9474-1A3956D46DE8}") = "src", "src", "{0C74BE3D-E1A1-47F0-B188-DBB81B204778}"
EndProject
Project("{2150E333-8FDC-42A3-9474-1A3956D46DE8}") = "Services", "Services", "{76011FB3-2271-4600-A65A-4DE351205FFD}"
EndProject
Project("{2150E333-8FDC-42A3-9474-1A3956D46DE8}") = "Clients", "Clients", "{21579B5E-092D-45DF-83EC-2C1C9621563D}"
EndProject
Project("{2150E333-8FDC-42A3-9474-1A3956D46DE8}") = "ApiGateways", "ApiGateways", "{0013F761-847C-4A48-8778-AFA269A0A59C}"
EndProject
Project("{2150E333-8FDC-42A3-9474-1A3956D46DE8}") = "Common", "Common", "{365030D9-5FB7-43C1-9597-BAB40A59D270}"
EndProject
Project("{2150E333-8FDC-42A3-9474-1A3956D46DE8}") = "CatalogService", "CatalogService", "{C3EECC6F-EE5C-4DE8-9CDE-89A71CB3849A}"
EndProject
Project("{9A19103F-16F7-4668-BE54-9A1E7A4F7556}") = "CatalogService.Api", "src\Services\CatalogService\CatalogService.Api\CatalogService.Api.csproj", "{31E9B61D-55AA-4D54-9F7B-730B40207E2C}"
EndProject
Project("{2150E333-8FDC-42A3-9474-1A3956D46DE8}") = "Solution Items", "Solution Items", "{647CC0FC-A811-4326-B0B4-E496C2C7E3BE}"
	ProjectSection(SolutionItems) = preProject
		ServiceUrls.txt = ServiceUrls.txt
	EndProjectSection
EndProject
Project("{9A19103F-16F7-4668-BE54-9A1E7A4F7556}") = "UdemyMicroservices.Common", "src\Common\UdemyMicroservices.Common\UdemyMicroservices.Common.csproj", "{3787739F-970A-4D3D-AD9D-3D3C2EFE6916}"
EndProject
Project("{2150E333-8FDC-42A3-9474-1A3956D46DE8}") = "IdentityService", "IdentityService", "{EAD28319-A4AD-41EE-8256-6160368B36A8}"
EndProject
Project("{9A19103F-16F7-4668-BE54-9A1E7A4F7556}") = "IdentityService.Api", "src\Services\IdentityService\IdentityService.Api\IdentityService.Api.csproj", "{2EBF8436-8E69-4325-BF58-593C0D209CE5}"
EndProject
Project("{2150E333-8FDC-42A3-9474-1A3956D46DE8}") = "PhotoStockService", "PhotoStockService", "{251EA322-E941-4EE1-90DD-D74F49E58E3B}"
EndProject
Project("{9A19103F-16F7-4668-BE54-9A1E7A4F7556}") = "PhotoStockService.Api", "src\Services\PhotoStockService\PhotoStockService.Api\PhotoStockService.Api.csproj", "{18A42A14-A6E7-4245-9F37-C61B77D85C0C}"
EndProject
Project("{2150E333-8FDC-42A3-9474-1A3956D46DE8}") = "BasketService", "BasketService", "{DFC61338-B78E-41DA-8A4A-B00E38592EAB}"
EndProject
Project("{9A19103F-16F7-4668-BE54-9A1E7A4F7556}") = "BasketService.Api", "src\Services\BasketService\BasketService.Api\BasketService.Api.csproj", "{78A39156-662B-4238-86BF-67644C235C4C}"
EndProject
Project("{2150E333-8FDC-42A3-9474-1A3956D46DE8}") = "DiscountService", "DiscountService", "{3C356F6A-509E-43E1-9B54-EA06FCAD9893}"
EndProject
Project("{9A19103F-16F7-4668-BE54-9A1E7A4F7556}") = "DiscountService.Api", "src\Services\DiscountService\DiscountService.Api\DiscountService.Api.csproj", "{9411589F-CF64-42D8-980D-3F2E7CD96313}"
EndProject
Project("{2150E333-8FDC-42A3-9474-1A3956D46DE8}") = "OrderService", "OrderService", "{D4D4D637-6BCC-40CA-88F2-C42D4FCC3E97}"
EndProject
Project("{9A19103F-16F7-4668-BE54-9A1E7A4F7556}") = "OrderService.Api", "src\Services\OrderService\OrderService.Api\OrderService.Api.csproj", "{C7B437D7-1428-4BDA-8E7F-716432AAEFCC}"
EndProject
Project("{9A19103F-16F7-4668-BE54-9A1E7A4F7556}") = "OrderService.Application", "src\Services\OrderService\OrderService.Application\OrderService.Application.csproj", "{01019784-E96C-4A81-AEE1-F6E9EE64C026}"
EndProject
Project("{9A19103F-16F7-4668-BE54-9A1E7A4F7556}") = "OrderService.Domain", "src\Services\OrderService\OrderService.Domain\OrderService.Domain.csproj", "{9271C1AA-A828-4E25-9EF0-E2EFF942FAF3}"
EndProject
Project("{9A19103F-16F7-4668-BE54-9A1E7A4F7556}") = "OrderService.Infrastructure", "src\Services\OrderService\OrderService.Infrastructure\OrderService.Infrastructure.csproj", "{F3BA2BEB-7668-46A4-9208-6A90069109C8}"
EndProject
Project("{9A19103F-16F7-4668-BE54-9A1E7A4F7556}") = "OrderService.Domain.Core", "src\Services\OrderService\OrderService.Domain.Core\OrderService.Domain.Core.csproj", "{586066CE-362E-4DF3-9FB3-C783082CACF0}"
EndProject
Project("{2150E333-8FDC-42A3-9474-1A3956D46DE8}") = "FakePaymentService", "FakePaymentService", "{384EEEDE-3D0A-44C5-B413-799BABF72C7D}"
EndProject
Project("{9A19103F-16F7-4668-BE54-9A1E7A4F7556}") = "FakePaymentService.Api", "src\Services\FakePaymentService\FakePaymentService.Api\FakePaymentService.Api.csproj", "{1AA640A9-BB12-4649-9112-183374D8C4B4}"
EndProject
Project("{2150E333-8FDC-42A3-9474-1A3956D46DE8}") = "WebApiGateway", "WebApiGateway", "{80C5FCAE-D9A5-4F71-A054-A297DD13B7B1}"
EndProject
Project("{9A19103F-16F7-4668-BE54-9A1E7A4F7556}") = "Web.ApiGateway", "src\ApiGateways\WebApiGateway\Web.ApiGateway\Web.ApiGateway.csproj", "{1A4549F7-8601-4876-8BAB-9512FB1EAC09}"
EndProject
Project("{2150E333-8FDC-42A3-9474-1A3956D46DE8}") = "MvcWebApp", "MvcWebApp", "{D5B73BC5-D5F0-4AA8-8D97-2EB1E053C064}"
EndProject
Project("{FAE04EC0-301F-11D3-BF4B-00C04F79EFBC}") = "WebApp", "src\Clients\MvcWebApp\WebApp\WebApp.csproj", "{A825FEF7-A87D-47CC-9045-E6A9AFD226A7}"
EndProject
Global
	GlobalSection(SolutionConfigurationPlatforms) = preSolution
		Debug|Any CPU = Debug|Any CPU
		Release|Any CPU = Release|Any CPU
	EndGlobalSection
	GlobalSection(ProjectConfigurationPlatforms) = postSolution
		{31E9B61D-55AA-4D54-9F7B-730B40207E2C}.Debug|Any CPU.ActiveCfg = Debug|Any CPU
		{31E9B61D-55AA-4D54-9F7B-730B40207E2C}.Debug|Any CPU.Build.0 = Debug|Any CPU
		{31E9B61D-55AA-4D54-9F7B-730B40207E2C}.Release|Any CPU.ActiveCfg = Release|Any CPU
		{31E9B61D-55AA-4D54-9F7B-730B40207E2C}.Release|Any CPU.Build.0 = Release|Any CPU
		{3787739F-970A-4D3D-AD9D-3D3C2EFE6916}.Debug|Any CPU.ActiveCfg = Debug|Any CPU
		{3787739F-970A-4D3D-AD9D-3D3C2EFE6916}.Debug|Any CPU.Build.0 = Debug|Any CPU
		{3787739F-970A-4D3D-AD9D-3D3C2EFE6916}.Release|Any CPU.ActiveCfg = Release|Any CPU
		{3787739F-970A-4D3D-AD9D-3D3C2EFE6916}.Release|Any CPU.Build.0 = Release|Any CPU
		{2EBF8436-8E69-4325-BF58-593C0D209CE5}.Debug|Any CPU.ActiveCfg = Debug|Any CPU
		{2EBF8436-8E69-4325-BF58-593C0D209CE5}.Debug|Any CPU.Build.0 = Debug|Any CPU
		{2EBF8436-8E69-4325-BF58-593C0D209CE5}.Release|Any CPU.ActiveCfg = Release|Any CPU
		{2EBF8436-8E69-4325-BF58-593C0D209CE5}.Release|Any CPU.Build.0 = Release|Any CPU
		{18A42A14-A6E7-4245-9F37-C61B77D85C0C}.Debug|Any CPU.ActiveCfg = Debug|Any CPU
		{18A42A14-A6E7-4245-9F37-C61B77D85C0C}.Debug|Any CPU.Build.0 = Debug|Any CPU
		{18A42A14-A6E7-4245-9F37-C61B77D85C0C}.Release|Any CPU.ActiveCfg = Release|Any CPU
		{18A42A14-A6E7-4245-9F37-C61B77D85C0C}.Release|Any CPU.Build.0 = Release|Any CPU
		{78A39156-662B-4238-86BF-67644C235C4C}.Debug|Any CPU.ActiveCfg = Debug|Any CPU
		{78A39156-662B-4238-86BF-67644C235C4C}.Debug|Any CPU.Build.0 = Debug|Any CPU
		{78A39156-662B-4238-86BF-67644C235C4C}.Release|Any CPU.ActiveCfg = Release|Any CPU
		{78A39156-662B-4238-86BF-67644C235C4C}.Release|Any CPU.Build.0 = Release|Any CPU
		{9411589F-CF64-42D8-980D-3F2E7CD96313}.Debug|Any CPU.ActiveCfg = Debug|Any CPU
		{9411589F-CF64-42D8-980D-3F2E7CD96313}.Debug|Any CPU.Build.0 = Debug|Any CPU
		{9411589F-CF64-42D8-980D-3F2E7CD96313}.Release|Any CPU.ActiveCfg = Release|Any CPU
		{9411589F-CF64-42D8-980D-3F2E7CD96313}.Release|Any CPU.Build.0 = Release|Any CPU
		{C7B437D7-1428-4BDA-8E7F-716432AAEFCC}.Debug|Any CPU.ActiveCfg = Debug|Any CPU
		{C7B437D7-1428-4BDA-8E7F-716432AAEFCC}.Debug|Any CPU.Build.0 = Debug|Any CPU
		{C7B437D7-1428-4BDA-8E7F-716432AAEFCC}.Release|Any CPU.ActiveCfg = Release|Any CPU
		{C7B437D7-1428-4BDA-8E7F-716432AAEFCC}.Release|Any CPU.Build.0 = Release|Any CPU
		{01019784-E96C-4A81-AEE1-F6E9EE64C026}.Debug|Any CPU.ActiveCfg = Debug|Any CPU
		{01019784-E96C-4A81-AEE1-F6E9EE64C026}.Debug|Any CPU.Build.0 = Debug|Any CPU
		{01019784-E96C-4A81-AEE1-F6E9EE64C026}.Release|Any CPU.ActiveCfg = Release|Any CPU
		{01019784-E96C-4A81-AEE1-F6E9EE64C026}.Release|Any CPU.Build.0 = Release|Any CPU
		{9271C1AA-A828-4E25-9EF0-E2EFF942FAF3}.Debug|Any CPU.ActiveCfg = Debug|Any CPU
		{9271C1AA-A828-4E25-9EF0-E2EFF942FAF3}.Debug|Any CPU.Build.0 = Debug|Any CPU
		{9271C1AA-A828-4E25-9EF0-E2EFF942FAF3}.Release|Any CPU.ActiveCfg = Release|Any CPU
		{9271C1AA-A828-4E25-9EF0-E2EFF942FAF3}.Release|Any CPU.Build.0 = Release|Any CPU
		{F3BA2BEB-7668-46A4-9208-6A90069109C8}.Debug|Any CPU.ActiveCfg = Debug|Any CPU
		{F3BA2BEB-7668-46A4-9208-6A90069109C8}.Debug|Any CPU.Build.0 = Debug|Any CPU
		{F3BA2BEB-7668-46A4-9208-6A90069109C8}.Release|Any CPU.ActiveCfg = Release|Any CPU
		{F3BA2BEB-7668-46A4-9208-6A90069109C8}.Release|Any CPU.Build.0 = Release|Any CPU
		{586066CE-362E-4DF3-9FB3-C783082CACF0}.Debug|Any CPU.ActiveCfg = Debug|Any CPU
		{586066CE-362E-4DF3-9FB3-C783082CACF0}.Debug|Any CPU.Build.0 = Debug|Any CPU
		{586066CE-362E-4DF3-9FB3-C783082CACF0}.Release|Any CPU.ActiveCfg = Release|Any CPU
		{586066CE-362E-4DF3-9FB3-C783082CACF0}.Release|Any CPU.Build.0 = Release|Any CPU
		{1AA640A9-BB12-4649-9112-183374D8C4B4}.Debug|Any CPU.ActiveCfg = Debug|Any CPU
		{1AA640A9-BB12-4649-9112-183374D8C4B4}.Debug|Any CPU.Build.0 = Debug|Any CPU
		{1AA640A9-BB12-4649-9112-183374D8C4B4}.Release|Any CPU.ActiveCfg = Release|Any CPU
		{1AA640A9-BB12-4649-9112-183374D8C4B4}.Release|Any CPU.Build.0 = Release|Any CPU
		{1A4549F7-8601-4876-8BAB-9512FB1EAC09}.Debug|Any CPU.ActiveCfg = Debug|Any CPU
		{1A4549F7-8601-4876-8BAB-9512FB1EAC09}.Debug|Any CPU.Build.0 = Debug|Any CPU
		{1A4549F7-8601-4876-8BAB-9512FB1EAC09}.Release|Any CPU.ActiveCfg = Release|Any CPU
		{1A4549F7-8601-4876-8BAB-9512FB1EAC09}.Release|Any CPU.Build.0 = Release|Any CPU
		{A825FEF7-A87D-47CC-9045-E6A9AFD226A7}.Debug|Any CPU.ActiveCfg = Debug|Any CPU
		{A825FEF7-A87D-47CC-9045-E6A9AFD226A7}.Debug|Any CPU.Build.0 = Debug|Any CPU
		{A825FEF7-A87D-47CC-9045-E6A9AFD226A7}.Release|Any CPU.ActiveCfg = Release|Any CPU
		{A825FEF7-A87D-47CC-9045-E6A9AFD226A7}.Release|Any CPU.Build.0 = Release|Any CPU
	EndGlobalSection
	GlobalSection(SolutionProperties) = preSolution
		HideSolutionNode = FALSE
	EndGlobalSection
	GlobalSection(NestedProjects) = preSolution
		{76011FB3-2271-4600-A65A-4DE351205FFD} = {0C74BE3D-E1A1-47F0-B188-DBB81B204778}
		{21579B5E-092D-45DF-83EC-2C1C9621563D} = {0C74BE3D-E1A1-47F0-B188-DBB81B204778}
		{0013F761-847C-4A48-8778-AFA269A0A59C} = {0C74BE3D-E1A1-47F0-B188-DBB81B204778}
		{365030D9-5FB7-43C1-9597-BAB40A59D270} = {0C74BE3D-E1A1-47F0-B188-DBB81B204778}
		{C3EECC6F-EE5C-4DE8-9CDE-89A71CB3849A} = {76011FB3-2271-4600-A65A-4DE351205FFD}
		{31E9B61D-55AA-4D54-9F7B-730B40207E2C} = {C3EECC6F-EE5C-4DE8-9CDE-89A71CB3849A}
		{3787739F-970A-4D3D-AD9D-3D3C2EFE6916} = {365030D9-5FB7-43C1-9597-BAB40A59D270}
		{EAD28319-A4AD-41EE-8256-6160368B36A8} = {76011FB3-2271-4600-A65A-4DE351205FFD}
		{2EBF8436-8E69-4325-BF58-593C0D209CE5} = {EAD28319-A4AD-41EE-8256-6160368B36A8}
		{251EA322-E941-4EE1-90DD-D74F49E58E3B} = {76011FB3-2271-4600-A65A-4DE351205FFD}
		{18A42A14-A6E7-4245-9F37-C61B77D85C0C} = {251EA322-E941-4EE1-90DD-D74F49E58E3B}
		{DFC61338-B78E-41DA-8A4A-B00E38592EAB} = {76011FB3-2271-4600-A65A-4DE351205FFD}
		{78A39156-662B-4238-86BF-67644C235C4C} = {DFC61338-B78E-41DA-8A4A-B00E38592EAB}
		{3C356F6A-509E-43E1-9B54-EA06FCAD9893} = {76011FB3-2271-4600-A65A-4DE351205FFD}
		{9411589F-CF64-42D8-980D-3F2E7CD96313} = {3C356F6A-509E-43E1-9B54-EA06FCAD9893}
		{D4D4D637-6BCC-40CA-88F2-C42D4FCC3E97} = {76011FB3-2271-4600-A65A-4DE351205FFD}
		{C7B437D7-1428-4BDA-8E7F-716432AAEFCC} = {D4D4D637-6BCC-40CA-88F2-C42D4FCC3E97}
		{01019784-E96C-4A81-AEE1-F6E9EE64C026} = {D4D4D637-6BCC-40CA-88F2-C42D4FCC3E97}
		{9271C1AA-A828-4E25-9EF0-E2EFF942FAF3} = {D4D4D637-6BCC-40CA-88F2-C42D4FCC3E97}
		{F3BA2BEB-7668-46A4-9208-6A90069109C8} = {D4D4D637-6BCC-40CA-88F2-C42D4FCC3E97}
		{586066CE-362E-4DF3-9FB3-C783082CACF0} = {D4D4D637-6BCC-40CA-88F2-C42D4FCC3E97}
		{384EEEDE-3D0A-44C5-B413-799BABF72C7D} = {76011FB3-2271-4600-A65A-4DE351205FFD}
		{1AA640A9-BB12-4649-9112-183374D8C4B4} = {384EEEDE-3D0A-44C5-B413-799BABF72C7D}
		{80C5FCAE-D9A5-4F71-A054-A297DD13B7B1} = {0013F761-847C-4A48-8778-AFA269A0A59C}
		{1A4549F7-8601-4876-8BAB-9512FB1EAC09} = {80C5FCAE-D9A5-4F71-A054-A297DD13B7B1}
		{D5B73BC5-D5F0-4AA8-8D97-2EB1E053C064} = {21579B5E-092D-45DF-83EC-2C1C9621563D}
		{A825FEF7-A87D-47CC-9045-E6A9AFD226A7} = {D5B73BC5-D5F0-4AA8-8D97-2EB1E053C064}
	EndGlobalSection
	GlobalSection(ExtensibilityGlobals) = postSolution
		SolutionGuid = {9D223011-7521-4D3D-8224-B3D436D7D2C3}
	EndGlobalSection
EndGlobal
